
Microsoft Visual Studio Solution File, Format Version 12.00
# Visual Studio Version 17
VisualStudioVersion = 17.7.34009.444
MinimumVisualStudioVersion = 10.0.40219.1
Project("{9A19103F-16F7-4668-BE54-9A1E7A4F7556}") = "MyBGList", "MyBGList.csproj", "{4921BE84-8901-4F1A-819B-45EA6D9F1E90}"
EndProject
Global
	GlobalSection(SolutionConfigurationPlatforms) = preSolution
		Debug|Any CPU = Debug|Any CPU
		Release|Any CPU = Release|Any CPU
	EndGlobalSection
	GlobalSection(ProjectConfigurationPlatforms) = postSolution
		{4921BE84-8901-4F1A-819B-45EA6D9F1E90}.Debug|Any CPU.ActiveCfg = Debug|Any CPU
		{4921BE84-8901-4F1A-819B-45EA6D9F1E90}.Debug|Any CPU.Build.0 = Debug|Any CPU
		{4921BE84-8901-4F1A-819B-45EA6D9F1E90}.Release|Any CPU.ActiveCfg = Release|Any CPU
		{4921BE84-8901-4F1A-819B-45EA6D9F1E90}.Release|Any CPU.Build.0 = Release|Any CPU
	EndGlobalSection
	GlobalSection(SolutionProperties) = preSolution
		HideSolutionNode = FALSE
	EndGlobalSection
	GlobalSection(ExtensibilityGlobals) = postSolution
		SolutionGuid = {B070ED28-D8A2-4277-AC43-B7DA02D64990}
	EndGlobalSection
EndGlobal
