
Microsoft Visual Studio Solution File, Format Version 12.00
# Visual Studio Version 17
VisualStudioVersion = 17.7.34009.444
MinimumVisualStudioVersion = 10.0.40219.1
Project("{FAE04EC0-301F-11D3-BF4B-00C04F79EFBC}") = "MyBGList_ApiVersion2", "MyBGList_ApiVersion2.csproj", "{236BBC45-8654-4382-B361-9A946B6302A0}"
EndProject
Global
	GlobalSection(SolutionConfigurationPlatforms) = preSolution
		Debug|Any CPU = Debug|Any CPU
		Release|Any CPU = Release|Any CPU
	EndGlobalSection
	GlobalSection(ProjectConfigurationPlatforms) = postSolution
		{236BBC45-8654-4382-B361-9A946B6302A0}.Debug|Any CPU.ActiveCfg = Debug|Any CPU
		{236BBC45-8654-4382-B361-9A946B6302A0}.Debug|Any CPU.Build.0 = Debug|Any CPU
		{236BBC45-8654-4382-B361-9A946B6302A0}.Release|Any CPU.ActiveCfg = Release|Any CPU
		{236BBC45-8654-4382-B361-9A946B6302A0}.Release|Any CPU.Build.0 = Release|Any CPU
	EndGlobalSection
	GlobalSection(SolutionProperties) = preSolution
		HideSolutionNode = FALSE
	EndGlobalSection
	GlobalSection(ExtensibilityGlobals) = postSolution
		SolutionGuid = {6520AB18-D1BC-4A19-843F-543CB22DAE18}
	EndGlobalSection
EndGlobal
